github.com/crisp-im/go-crisp-api/crisp/v3 v3.0.0-20251122144918-0f30eafeeede h1:OWEfqbXWCbRSQRy6aicmZiXB9/k9fCbFPLpCVuhI2Ng=
github.com/crisp-im/go-crisp-api/crisp/v3 v3.0.0-20251122144918-0f30eafeeede/go.mod h1:bd/OERsXG7qkaMCgt7zA8g32A4G7TCTi6uzQPXZo6ys=
github.com/gorilla/websocket v1.5.0 h1:PPwGk2jz7EePpoHN/+ClbZu8SPxiqlu12wZP/3sWmnc=
github.com/gorilla/websocket v1.5.0/go.mod h1:YR8l580nyteQvAITg2hZ9XVh4b55+EU/adAjf1fMHhE=
github.com/graarh/golang-socketio v0.0.0-20170510162725-2c44953b9b5f h1:utzdm9zUvVWGRtIpkdE4+36n+Gv60kNb7mFvgGxLElY=
github.com/graarh/golang-socketio v0.0.0-20170510162725-2c44953b9b5f/go.mod h1:8gudiNCFh3ZfvInknmoXzPeV17FSH+X2J5k2cUPIwnA=
